{
  "name": "parallaxjs",
  "version": "2.0.1",
  "lockfileVersion": 2,
  "requires": true,
  "packages": {
    "": {
      "name": "parallaxjs",
      "version": "2.0.1",
      "funding": [
        {
          "type": "individual",
          "url": "https://paypal.me/dmnsgn"
        },
        {
          "type": "individual",
          "url": "https://commerce.coinbase.com/checkout/56cbdf28-e323-48d8-9c98-7019e72c97f3"
        }
      ],
      "license": "MIT",
      "dependencies": {
        "clamp": "^1.0.1",
        "prefix-style": "^2.0.1"
      },
      "devDependencies": {
        "es-module-shims": "^0.10.3"
      },
      "engines": {
        "node": ">=15.0.0",
        "npm": ">=7.0.0"
      }
    },
    "node_modules/clamp": {
      "version": "1.0.1",
      "resolved": "https://registry.npmjs.org/clamp/-/clamp-1.0.1.tgz",
      "integrity": "sha1-ZqDmQBGBbjcZaCj9yMjBRzEshjQ="
    },
    "node_modules/es-module-shims": {
      "version": "0.10.3",
      "resolved": "https://registry.npmjs.org/es-module-shims/-/es-module-shims-0.10.3.tgz",
      "integrity": "sha512-pJ5xMeVtyujSqvjQ9sJw4dIG3eRsWxTcdALk42Xe9V54PFT4tP+cCVLzzWF6jo5BcyMxGc1FKHfosmoaP/PXxQ==",
      "dev": true
    },
    "node_modules/prefix-style": {
      "version": "2.0.1",
      "resolved": "https://registry.npmjs.org/prefix-style/-/prefix-style-2.0.1.tgz",
      "integrity": "sha1-ZrupqHDP2jCKXcIOhekSCTLJWgY="
    }
  },
  "dependencies": {
    "clamp": {
      "version": "1.0.1",
      "resolved": "https://registry.npmjs.org/clamp/-/clamp-1.0.1.tgz",
      "integrity": "sha1-ZqDmQBGBbjcZaCj9yMjBRzEshjQ="
    },
    "es-module-shims": {
      "version": "0.10.3",
      "resolved": "https://registry.npmjs.org/es-module-shims/-/es-module-shims-0.10.3.tgz",
      "integrity": "sha512-pJ5xMeVtyujSqvjQ9sJw4dIG3eRsWxTcdALk42Xe9V54PFT4tP+cCVLzzWF6jo5BcyMxGc1FKHfosmoaP/PXxQ==",
      "dev": true
    },
    "prefix-style": {
      "version": "2.0.1",
      "resolved": "https://registry.npmjs.org/prefix-style/-/prefix-style-2.0.1.tgz",
      "integrity": "sha1-ZrupqHDP2jCKXcIOhekSCTLJWgY="
    }
  }
}
